
Microsoft Visual Studio Solution File, Format Version 12.00
# Visual Studio 15
VisualStudioVersion = 15.0.28010.2046
MinimumVisualStudioVersion = 10.0.40219.1
Project("{8BC9CEB8-8B4A-11D0-8D11-00A0C91BC942}") = "Bytes", "Bytes.vcxproj", "{71FF0472-8007-4B59-B5FD-57AF410D8AAD}"
EndProject
Global
	GlobalSection(SolutionConfigurationPlatforms) = preSolution
		Debug|x64 = Debug|x64
		Debug|x86 = Debug|x86
		Release|x64 = Release|x64
		Release|x86 = Release|x86
	EndGlobalSection
	GlobalSection(ProjectConfigurationPlatforms) = postSolution
		{71FF0472-8007-4B59-B5FD-57AF410D8AAD}.Debug|x64.ActiveCfg = Debug|x64
		{71FF0472-8007-4B59-B5FD-57AF410D8AAD}.Debug|x64.Build.0 = Debug|x64
		{71FF0472-8007-4B59-B5FD-57AF410D8AAD}.Debug|x86.ActiveCfg = Debug|Win32
		{71FF0472-8007-4B59-B5FD-57AF410D8AAD}.Debug|x86.Build.0 = Debug|Win32
		{71FF0472-8007-4B59-B5FD-57AF410D8AAD}.Release|x64.ActiveCfg = Release|x64
		{71FF0472-8007-4B59-B5FD-57AF410D8AAD}.Release|x64.Build.0 = Release|x64
		{71FF0472-8007-4B59-B5FD-57AF410D8AAD}.Release|x86.ActiveCfg = Release|Win32
		{71FF0472-8007-4B59-B5FD-57AF410D8AAD}.Release|x86.Build.0 = Release|Win32
	EndGlobalSection
	GlobalSection(SolutionProperties) = preSolution
		HideSolutionNode = FALSE
	EndGlobalSection
	GlobalSection(ExtensibilityGlobals) = postSolution
		SolutionGuid = {EE9437A2-1202-4443-9921-6131277D9172}
	EndGlobalSection
EndGlobal
