
Microsoft Visual Studio Solution File, Format Version 12.00
# Visual Studio 15
VisualStudioVersion = 15.0.27428.2002
MinimumVisualStudioVersion = 10.0.40219.1
Project("{8BC9CEB8-8B4A-11D0-8D11-00A0C91BC942}") = "HomeWork2", "HomeWork2.vcxproj", "{002EC267-C173-44D0-B5FA-BCE4F257420E}"
EndProject
Global
	GlobalSection(SolutionConfigurationPlatforms) = preSolution
		Debug|x64 = Debug|x64
		Debug|x86 = Debug|x86
		Release|x64 = Release|x64
		Release|x86 = Release|x86
	EndGlobalSection
	GlobalSection(ProjectConfigurationPlatforms) = postSolution
		{002EC267-C173-44D0-B5FA-BCE4F257420E}.Debug|x64.ActiveCfg = Debug|x64
		{002EC267-C173-44D0-B5FA-BCE4F257420E}.Debug|x64.Build.0 = Debug|x64
		{002EC267-C173-44D0-B5FA-BCE4F257420E}.Debug|x86.ActiveCfg = Debug|Win32
		{002EC267-C173-44D0-B5FA-BCE4F257420E}.Debug|x86.Build.0 = Debug|Win32
		{002EC267-C173-44D0-B5FA-BCE4F257420E}.Release|x64.ActiveCfg = Release|x64
		{002EC267-C173-44D0-B5FA-BCE4F257420E}.Release|x64.Build.0 = Release|x64
		{002EC267-C173-44D0-B5FA-BCE4F257420E}.Release|x86.ActiveCfg = Release|Win32
		{002EC267-C173-44D0-B5FA-BCE4F257420E}.Release|x86.Build.0 = Release|Win32
	EndGlobalSection
	GlobalSection(SolutionProperties) = preSolution
		HideSolutionNode = FALSE
	EndGlobalSection
	GlobalSection(ExtensibilityGlobals) = postSolution
		SolutionGuid = {F21F232A-168F-46C1-99F7-0CEA0E112ED9}
	EndGlobalSection
EndGlobal
