
Microsoft Visual Studio Solution File, Format Version 12.00
# Visual Studio 15
VisualStudioVersion = 15.0.27428.2002
MinimumVisualStudioVersion = 10.0.40219.1
Project("{8BC9CEB8-8B4A-11D0-8D11-00A0C91BC942}") = "HomeWork6", "HomeWork6.vcxproj", "{C324FF54-4411-4029-9029-1B748324E8FB}"
EndProject
Global
	GlobalSection(SolutionConfigurationPlatforms) = preSolution
		Debug|x64 = Debug|x64
		Debug|x86 = Debug|x86
		Release|x64 = Release|x64
		Release|x86 = Release|x86
	EndGlobalSection
	GlobalSection(ProjectConfigurationPlatforms) = postSolution
		{C324FF54-4411-4029-9029-1B748324E8FB}.Debug|x64.ActiveCfg = Debug|x64
		{C324FF54-4411-4029-9029-1B748324E8FB}.Debug|x64.Build.0 = Debug|x64
		{C324FF54-4411-4029-9029-1B748324E8FB}.Debug|x86.ActiveCfg = Debug|Win32
		{C324FF54-4411-4029-9029-1B748324E8FB}.Debug|x86.Build.0 = Debug|Win32
		{C324FF54-4411-4029-9029-1B748324E8FB}.Release|x64.ActiveCfg = Release|x64
		{C324FF54-4411-4029-9029-1B748324E8FB}.Release|x64.Build.0 = Release|x64
		{C324FF54-4411-4029-9029-1B748324E8FB}.Release|x86.ActiveCfg = Release|Win32
		{C324FF54-4411-4029-9029-1B748324E8FB}.Release|x86.Build.0 = Release|Win32
	EndGlobalSection
	GlobalSection(SolutionProperties) = preSolution
		HideSolutionNode = FALSE
	EndGlobalSection
	GlobalSection(ExtensibilityGlobals) = postSolution
		SolutionGuid = {F4E60436-424F-437C-B358-315FC3972EC7}
	EndGlobalSection
EndGlobal
